{
  "name": "@agentapp/lark-feishu",
  "version": "0.1.0",
  "lockfileVersion": 3,
  "requires": true,
  "packages": {
    "": {
      "name": "@agentapp/lark-feishu",
      "version": "0.1.0",
      "license": "MIT",
      "devDependencies": {
        "@agentapp/protocol": "git+https://github.com/0xZoharHuang/agentapp-protocol.git#012442a45f9dab0a124d625fe0bde5e24b66c479"
      },
      "engines": {
        "node": ">=20"
      }
    },
    "node_modules/@agentapp/protocol": {
      "version": "0.3.0-preview.0",
      "resolved": "git+ssh://git@github.com/0xZoharHuang/agentapp-protocol.git#012442a45f9dab0a124d625fe0bde5e24b66c479",
      "integrity": "sha512-T7h2F3ywYyR8obWn0k/qJd5G87q79D0LBlxBUTh5KnXnLh+iS3bGQCpJ2Jas2gXPSbbYyHmI7CiQTFusMToXwA==",
      "dev": true,
      "license": "Apache-2.0",
      "dependencies": {
        "yaml": "2.8.2"
      },
      "bin": {
        "agentapp": "bin/agentapp.mjs"
      }
    },
    "node_modules/yaml": {
      "version": "2.8.2",
      "resolved": "https://registry.npmjs.org/yaml/-/yaml-2.8.2.tgz",
      "integrity": "sha512-mplynKqc1C2hTVYxd0PU2xQAc22TI1vShAYGksCCfxbn/dFwnHTNi1bvYsBTkhdUNtGIf5xNOg938rrSSYvS9A==",
      "dev": true,
      "license": "ISC",
      "bin": {
        "yaml": "bin.mjs"
      },
      "engines": {
        "node": ">= 14.6"
      },
      "funding": {
        "url": "https://github.com/sponsors/eemeli"
      }
    }
  }
}
