{
  "name": "@agentapp/lark-feishu",
  "version": "0.1.0",
  "lockfileVersion": 3,
  "requires": true,
  "packages": {
    "": {
      "name": "@agentapp/lark-feishu",
      "version": "0.1.0",
      "license": "MIT",
      "devDependencies": {
        "@agentapp/protocol": "git+https://github.com/0xZoharHuang/agentapp-protocol.git#2498bf9fc344e12386b1dcb6a0a370c42321ba8e"
      },
      "engines": {
        "node": ">=20"
      }
    },
    "node_modules/@agentapp/protocol": {
      "version": "0.3.0-preview.0",
      "resolved": "git+ssh://git@github.com/0xZoharHuang/agentapp-protocol.git#2498bf9fc344e12386b1dcb6a0a370c42321ba8e",
      "integrity": "sha512-1Oi4Gx2ewO0PDVKyFHXNQGOrDIB1Yu9pncqNf8WfScdFGzUcWGHDoxKWUl2VvVRwUxn9L/3N0iFR9ajjAFPCnw==",
      "dev": true,
      "license": "Apache-2.0",
      "dependencies": {
        "yaml": "2.8.2"
      },
      "bin": {
        "agentapp": "bin/agentapp.mjs"
      }
    },
    "node_modules/yaml": {
      "version": "2.8.2",
      "resolved": "https://registry.npmjs.org/yaml/-/yaml-2.8.2.tgz",
      "integrity": "sha512-mplynKqc1C2hTVYxd0PU2xQAc22TI1vShAYGksCCfxbn/dFwnHTNi1bvYsBTkhdUNtGIf5xNOg938rrSSYvS9A==",
      "dev": true,
      "license": "ISC",
      "bin": {
        "yaml": "bin.mjs"
      },
      "engines": {
        "node": ">= 14.6"
      },
      "funding": {
        "url": "https://github.com/sponsors/eemeli"
      }
    }
  }
}
